// !$*UTF8*$!
{
	archiveVersion = 1;
	classes = {
	};
	objectVersion = 55;
	objects = {

/* Begin PBXBuildFile section */
		1A1A7F82283BFF2800253307 /* fender_stratocaster.usdz in Resources */ = {isa = PBXBuildFile; fileRef = 1A1A7F7F283BFF2800253307 /* fender_stratocaster.usdz */; };
		1A1A7F83283BFF2800253307 /* toy_biplane.usdz in Resources */ = {isa = PBXBuildFile; fileRef = 1A1A7F80283BFF2800253307 /* toy_biplane.usdz */; };
		1A1A7F84283BFF2800253307 /* PegasusTrail.usdz in Resources */ = {isa = PBXBuildFile; fileRef = 1A1A7F81283BFF2800253307 /* PegasusTrail.usdz */; };
		1A9B8E7F283BC23B008BE95F /* AppDelegate.swift in Sources */ = {isa = PBXBuildFile; fileRef = 1A9B8E7E283BC23B008BE95F /* AppDelegate.swift */; };
		1A9B8E81283BC23B008BE95F /* ContentView.swift in Sources */ = {isa = PBXBuildFile; fileRef = 1A9B8E80283BC23B008BE95F /* ContentView.swift */; };
		1A9B8E83283BC23B008BE95F /* Experience.rcproject in Sources */ = {isa = PBXBuildFile; fileRef = 1A9B8E82283BC23B008BE95F /* Experience.rcproject */; };
		1A9B8E85283BC23F008BE95F /* Assets.xcassets in Resources */ = {isa = PBXBuildFile; fileRef = 1A9B8E84283BC23F008BE95F /* Assets.xcassets */; };
		1A9B8E88283BC23F008BE95F /* Preview Assets.xcassets in Resources */ = {isa = PBXBuildFile; fileRef = 1A9B8E87283BC23F008BE95F /* Preview Assets.xcassets */; };
		1A9B8E90283BC32E008BE95F /* MyViewController.swift in Sources */ = {isa = PBXBuildFile; fileRef = 1A9B8E8E283BC32E008BE95F /* MyViewController.swift */; };
		1A9B8E91283BC32E008BE95F /* MyViewController.xib in Resources */ = {isa = PBXBuildFile; fileRef = 1A9B8E8F283BC32E008BE95F /* MyViewController.xib */; };
/* End PBXBuildFile section */

/* Begin PBXFileReference section */
		1A1A7F7F283BFF2800253307 /* fender_stratocaster.usdz */ = {isa = PBXFileReference; lastKnownFileType = file.usdz; path = fender_stratocaster.usdz; sourceTree = "<group>"; };
		1A1A7F80283BFF2800253307 /* toy_biplane.usdz */ = {isa = PBXFileReference; lastKnownFileType = file.usdz; path = toy_biplane.usdz; sourceTree = "<group>"; };
		1A1A7F81283BFF2800253307 /* PegasusTrail.usdz */ = {isa = PBXFileReference; lastKnownFileType = file.usdz; path = PegasusTrail.usdz; sourceTree = "<group>"; };
		1A9B8E7B283BC23B008BE95F /* provaARKit.app */ = {isa = PBXFileReference; explicitFileType = wrapper.application; includeInIndex = 0; path = provaARKit.app; sourceTree = BUILT_PRODUCTS_DIR; };
		1A9B8E7E283BC23B008BE95F /* AppDelegate.swift */ = {isa = PBXFileReference; lastKnownFileType = sourcecode.swift; path = AppDelegate.swift; sourceTree = "<group>"; };
		1A9B8E80283BC23B008BE95F /* ContentView.swift */ = {isa = PBXFileReference; lastKnownFileType = sourcecode.swift; path = ContentView.swift; sourceTree = "<group>"; };
		1A9B8E82283BC23B008BE95F /* Experience.rcproject */ = {isa = PBXFileReference; lastKnownFileType = file.rcproject; path = Experience.rcproject; sourceTree = "<group>"; };
		1A9B8E84283BC23F008BE95F /* Assets.xcassets */ = {isa = PBXFileReference; lastKnownFileType = folder.assetcatalog; path = Assets.xcassets; sourceTree = "<group>"; };
		1A9B8E87283BC23F008BE95F /* Preview Assets.xcassets */ = {isa = PBXFileReference; lastKnownFileType = folder.assetcatalog; path = "Preview Assets.xcassets"; sourceTree = "<group>"; };
		1A9B8E8E283BC32E008BE95F /* MyViewController.swift */ = {isa = PBXFileReference; lastKnownFileType = sourcecode.swift; path = MyViewController.swift; sourceTree = "<group>"; };
		1A9B8E8F283BC32E008BE95F /* MyViewController.xib */ = {isa = PBXFileReference; lastKnownFileType = file.xib; path = MyViewController.xib; sourceTree = "<group>"; };
/* End PBXFileReference section */

/* Begin PBXFrameworksBuildPhase section */
		1A9B8E78283BC23B008BE95F /* Frameworks */ = {
			isa = PBXFrameworksBuildPhase;
			buildActionMask = 2147483647;
			files = (
			);
			runOnlyForDeploymentPostprocessing = 0;
		};
/* End PBXFrameworksBuildPhase section */

/* Begin PBXGroup section */
		1A1A7F7E283BFF2800253307 /* 3dModels */ = {
			isa = PBXGroup;
			children = (
				1A1A7F7F283BFF2800253307 /* fender_stratocaster.usdz */,
				1A1A7F80283BFF2800253307 /* toy_biplane.usdz */,
				1A1A7F81283BFF2800253307 /* PegasusTrail.usdz */,
			);
			name = 3dModels;
			path = ../../3dModels;
			sourceTree = "<group>";
		};
		1A9B8E72283BC23B008BE95F = {
			isa = PBXGroup;
			children = (
				1A9B8E7D283BC23B008BE95F /* provaARKit */,
				1A9B8E7C283BC23B008BE95F /* Products */,
			);
			sourceTree = "<group>";
		};
		1A9B8E7C283BC23B008BE95F /* Products */ = {
			isa = PBXGroup;
			children = (
				1A9B8E7B283BC23B008BE95F /* provaARKit.app */,
			);
			name = Products;
			sourceTree = "<group>";
		};
		1A9B8E7D283BC23B008BE95F /* provaARKit */ = {
			isa = PBXGroup;
			children = (
				1A1A7F7E283BFF2800253307 /* 3dModels */,
				1A9B8E7E283BC23B008BE95F /* AppDelegate.swift */,
				1A9B8E80283BC23B008BE95F /* ContentView.swift */,
				1A9B8E82283BC23B008BE95F /* Experience.rcproject */,
				1A9B8E84283BC23F008BE95F /* Assets.xcassets */,
				1A9B8E86283BC23F008BE95F /* Preview Content */,
				1A9B8E8E283BC32E008BE95F /* MyViewController.swift */,
				1A9B8E8F283BC32E008BE95F /* MyViewController.xib */,
			);
			path = provaARKit;
			sourceTree = "<group>";
		};
		1A9B8E86283BC23F008BE95F /* Preview Content */ = {
			isa = PBXGroup;
			children = (
				1A9B8E87283BC23F008BE95F /* Preview Assets.xcassets */,
			);
			path = "Preview Content";
			sourceTree = "<group>";
		};
/* End PBXGroup section */

/* Begin PBXNativeTarget section */
		1A9B8E7A283BC23B008BE95F /* provaARKit */ = {
			isa = PBXNativeTarget;
			buildConfigurationList = 1A9B8E8B283BC23F008BE95F /* Build configuration list for PBXNativeTarget "provaARKit" */;
			buildPhases = (
				1A9B8E77283BC23B008BE95F /* Sources */,
				1A9B8E78283BC23B008BE95F /* Frameworks */,
				1A9B8E79283BC23B008BE95F /* Resources */,
			);
			buildRules = (
			);
			dependencies = (
			);
			name = provaARKit;
			productName = provaARKit;
			productReference = 1A9B8E7B283BC23B008BE95F /* provaARKit.app */;
			productType = "com.apple.product-type.application";
		};
/* End PBXNativeTarget section */

/* Begin PBXProject section */
		1A9B8E73283BC23B008BE95F /* Project object */ = {
			isa = PBXProject;
			attributes = {
				BuildIndependentTargetsInParallel = 1;
				LastSwiftUpdateCheck = 1340;
				LastUpgradeCheck = 1340;
				TargetAttributes = {
					1A9B8E7A283BC23B008BE95F = {
						CreatedOnToolsVersion = 13.4;
					};
				};
			};
			buildConfigurationList = 1A9B8E76283BC23B008BE95F /* Build configuration list for PBXProject "provaARKit" */;
			compatibilityVersion = "Xcode 13.0";
			developmentRegion = en;
			hasScannedForEncodings = 0;
			knownRegions = (
				en,
				Base,
			);
			mainGroup = 1A9B8E72283BC23B008BE95F;
			productRefGroup = 1A9B8E7C283BC23B008BE95F /* Products */;
			projectDirPath = "";
			projectRoot = "";
			targets = (
				1A9B8E7A283BC23B008BE95F /* provaARKit */,
			);
		};
/* End PBXProject section */

/* Begin PBXResourcesBuildPhase section */
		1A9B8E79283BC23B008BE95F /* Resources */ = {
			isa = PBXResourcesBuildPhase;
			buildActionMask = 2147483647;
			files = (
				1A9B8E88283BC23F008BE95F /* Preview Assets.xcassets in Resources */,
				1A1A7F84283BFF2800253307 /* PegasusTrail.usdz in Resources */,
				1A1A7F83283BFF2800253307 /* toy_biplane.usdz in Resources */,
				1A9B8E85283BC23F008BE95F /* Assets.xcassets in Resources */,
				1A1A7F82283BFF2800253307 /* fender_stratocaster.usdz in Resources */,
				1A9B8E91283BC32E008BE95F /* MyViewController.xib in Resources */,
			);
			runOnlyForDeploymentPostprocessing = 0;
		};
/* End PBXResourcesBuildPhase section */

/* Begin PBXSourcesBuildPhase section */
		1A9B8E77283BC23B008BE95F /* Sources */ = {
			isa = PBXSourcesBuildPhase;
			buildActionMask = 2147483647;
			files = (
				1A9B8E81283BC23B008BE95F /* ContentView.swift in Sources */,
				1A9B8E7F283BC23B008BE95F /* AppDelegate.swift in Sources */,
				1A9B8E90283BC32E008BE95F /* MyViewController.swift in Sources */,
				1A9B8E83283BC23B008BE95F /* Experience.rcproject in Sources */,
			);
			runOnlyForDeploymentPostprocessing = 0;
		};
/* End PBXSourcesBuildPhase section */

/* Begin XCBuildConfiguration section */
		1A9B8E89283BC23F008BE95F /* Debug */ = {
			isa = XCBuildConfiguration;
			buildSettings = {
				ALWAYS_SEARCH_USER_PATHS = NO;
				CLANG_ANALYZER_NONNULL = YES;
				CLANG_ANALYZER_NUMBER_OBJECT_CONVERSION = YES_AGGRESSIVE;
				CLANG_CXX_LANGUAGE_STANDARD = "gnu++17";
				CLANG_ENABLE_MODULES = YES;
				CLANG_ENABLE_OBJC_ARC = YES;
				CLANG_ENABLE_OBJC_WEAK = YES;
				CLANG_WARN_BLOCK_CAPTURE_AUTORELEASING = YES;
				CLANG_WARN_BOOL_CONVERSION = YES;
				CLANG_WARN_COMMA = YES;
				CLANG_WARN_CONSTANT_CONVERSION = YES;
				CLANG_WARN_DEPRECATED_OBJC_IMPLEMENTATIONS = YES;
				CLANG_WARN_DIRECT_OBJC_ISA_USAGE = YES_ERROR;
				CLANG_WARN_DOCUMENTATION_COMMENTS = YES;
				CLANG_WARN_EMPTY_BODY = YES;
				CLANG_WARN_ENUM_CONVERSION = YES;
				CLANG_WARN_INFINITE_RECURSION = YES;
				CLANG_WARN_INT_CONVERSION = YES;
				CLANG_WARN_NON_LITERAL_NULL_CONVERSION = YES;
				CLANG_WARN_OBJC_IMPLICIT_RETAIN_SELF = YES;
				CLANG_WARN_OBJC_LITERAL_CONVERSION = YES;
				CLANG_WARN_OBJC_ROOT_CLASS = YES_ERROR;
				CLANG_WARN_QUOTED_INCLUDE_IN_FRAMEWORK_HEADER = YES;
				CLANG_WARN_RANGE_LOOP_ANALYSIS = YES;
				CLANG_WARN_STRICT_PROTOTYPES = YES;
				CLANG_WARN_SUSPICIOUS_MOVE = YES;
				CLANG_WARN_UNGUARDED_AVAILABILITY = YES_AGGRESSIVE;
				CLANG_WARN_UNREACHABLE_CODE = YES;
				CLANG_WARN__DUPLICATE_METHOD_MATCH = YES;
				COPY_PHASE_STRIP = NO;
				DEBUG_INFORMATION_FORMAT = dwarf;
				ENABLE_STRICT_OBJC_MSGSEND = YES;
				ENABLE_TESTABILITY = YES;
				GCC_C_LANGUAGE_STANDARD = gnu11;
				GCC_DYNAMIC_NO_PIC = NO;
				GCC_NO_COMMON_BLOCKS = YES;
				GCC_OPTIMIZATION_LEVEL = 0;
				GCC_PREPROCESSOR_DEFINITIONS = (
					"DEBUG=1",
					"$(inherited)",
				);
				GCC_WARN_64_TO_32_BIT_CONVERSION = YES;
				GCC_WARN_ABOUT_RETURN_TYPE = YES_ERROR;
				GCC_WARN_UNDECLARED_SELECTOR = YES;
				GCC_WARN_UNINITIALIZED_AUTOS = YES_AGGRESSIVE;
				GCC_WARN_UNUSED_FUNCTION = YES;
				GCC_WARN_UNUSED_VARIABLE = YES;
				IPHONEOS_DEPLOYMENT_TARGET = 15.4;
				MTL_ENABLE_DEBUG_INFO = INCLUDE_SOURCE;
				MTL_FAST_MATH = YES;
				ONLY_ACTIVE_ARCH = YES;
				SDKROOT = iphoneos;
				SWIFT_ACTIVE_COMPILATION_CONDITIONS = DEBUG;
				SWIFT_OPTIMIZATION_LEVEL = "-Onone";
			};
			name = Debug;
		};
		1A9B8E8A283BC23F008BE95F /* Release */ = {
			isa = XCBuildConfiguration;
			buildSettings = {
				ALWAYS_SEARCH_USER_PATHS = NO;
				CLANG_ANALYZER_NONNULL = YES;
				CLANG_ANALYZER_NUMBER_OBJECT_CONVERSION = YES_AGGRESSIVE;
				CLANG_CXX_LANGUAGE_STANDARD = "gnu++17";
				CLANG_ENABLE_MODULES = YES;
				CLANG_ENABLE_OBJC_ARC = YES;
				CLANG_ENABLE_OBJC_WEAK = YES;
				CLANG_WARN_BLOCK_CAPTURE_AUTORELEASING = YES;
				CLANG_WARN_BOOL_CONVERSION = YES;
				CLANG_WARN_COMMA = YES;
				CLANG_WARN_CONSTANT_CONVERSION = YES;
				CLANG_WARN_DEPRECATED_OBJC_IMPLEMENTATIONS = YES;
				CLANG_WARN_DIRECT_OBJC_ISA_USAGE = YES_ERROR;
				CLANG_WARN_DOCUMENTATION_COMMENTS = YES;
				CLANG_WARN_EMPTY_BODY = YES;
				CLANG_WARN_ENUM_CONVERSION = YES;
				CLANG_WARN_INFINITE_RECURSION = YES;
				CLANG_WARN_INT_CONVERSION = YES;
				CLANG_WARN_NON_LITERAL_NULL_CONVERSION = YES;
				CLANG_WARN_OBJC_IMPLICIT_RETAIN_SELF = YES;
				CLANG_WARN_OBJC_LITERAL_CONVERSION = YES;
				CLANG_WARN_OBJC_ROOT_CLASS = YES_ERROR;
				CLANG_WARN_QUOTED_INCLUDE_IN_FRAMEWORK_HEADER = YES;
				CLANG_WARN_RANGE_LOOP_ANALYSIS = YES;
				CLANG_WARN_STRICT_PROTOTYPES = YES;
				CLANG_WARN_SUSPICIOUS_MOVE = YES;
				CLANG_WARN_UNGUARDED_AVAILABILITY = YES_AGGRESSIVE;
				CLANG_WARN_UNREACHABLE_CODE = YES;
				CLANG_WARN__DUPLICATE_METHOD_MATCH = YES;
				COPY_PHASE_STRIP = NO;
				DEBUG_INFORMATION_FORMAT = "dwarf-with-dsym";
				ENABLE_NS_ASSERTIONS = NO;
				ENABLE_STRICT_OBJC_MSGSEND = YES;
				GCC_C_LANGUAGE_STANDARD = gnu11;
				GCC_NO_COMMON_BLOCKS = YES;
				GCC_WARN_64_TO_32_BIT_CONVERSION = YES;
				GCC_WARN_ABOUT_RETURN_TYPE = YES_ERROR;
				GCC_WARN_UNDECLARED_SELECTOR = YES;
				GCC_WARN_UNINITIALIZED_AUTOS = YES_AGGRESSIVE;
				GCC_WARN_UNUSED_FUNCTION = YES;
				GCC_WARN_UNUSED_VARIABLE = YES;
				IPHONEOS_DEPLOYMENT_TARGET = 15.4;
				MTL_ENABLE_DEBUG_INFO = NO;
				MTL_FAST_MATH = YES;
				SDKROOT = iphoneos;
				SWIFT_COMPILATION_MODE = wholemodule;
				SWIFT_OPTIMIZATION_LEVEL = "-O";
				VALIDATE_PRODUCT = YES;
			};
			name = Release;
		};
		1A9B8E8C283BC23F008BE95F /* Debug */ = {
			isa = XCBuildConfiguration;
			buildSettings = {
				ASSETCATALOG_COMPILER_APPICON_NAME = AppIcon;
				ASSETCATALOG_COMPILER_GLOBAL_ACCENT_COLOR_NAME = AccentColor;
				CODE_SIGN_STYLE = Automatic;
				CURRENT_PROJECT_VERSION = 1;
				DEVELOPMENT_ASSET_PATHS = "\"provaARKit/Preview Content\"";
				DEVELOPMENT_TEAM = 4Q643MKQG2;
				ENABLE_PREVIEWS = YES;
				GENERATE_INFOPLIST_FILE = YES;
				INFOPLIST_KEY_NSCameraUsageDescription = "";
				INFOPLIST_KEY_UIApplicationSupportsIndirectInputEvents = YES;
				INFOPLIST_KEY_UILaunchScreen_Generation = YES;
				INFOPLIST_KEY_UIRequiredDeviceCapabilities = arkit;
				INFOPLIST_KEY_UIStatusBarHidden = YES;
				INFOPLIST_KEY_UISupportedInterfaceOrientations_iPad = "UIInterfaceOrientationPortrait UIInterfaceOrientationPortraitUpsideDown UIInterfaceOrientationLandscapeLeft UIInterfaceOrientationLandscapeRight";
				INFOPLIST_KEY_UISupportedInterfaceOrientations_iPhone = "UIInterfaceOrientationPortrait UIInterfaceOrientationLandscapeLeft UIInterfaceOrientationLandscapeRight";
				LD_RUNPATH_SEARCH_PATHS = (
					"$(inherited)",
					"@executable_path/Frameworks",
				);
				MARKETING_VERSION = 1.0;
				PRODUCT_BUNDLE_IDENTIFIER = com.rosario.provaARKit;
				PRODUCT_NAME = "$(TARGET_NAME)";
				SWIFT_EMIT_LOC_STRINGS = YES;
				SWIFT_VERSION = 5.0;
				TARGETED_DEVICE_FAMILY = "1,2";
			};
			name = Debug;
		};
		1A9B8E8D283BC23F008BE95F /* Release */ = {
			isa = XCBuildConfiguration;
			buildSettings = {
				ASSETCATALOG_COMPILER_APPICON_NAME = AppIcon;
				ASSETCATALOG_COMPILER_GLOBAL_ACCENT_COLOR_NAME = AccentColor;
				CODE_SIGN_STYLE = Automatic;
				CURRENT_PROJECT_VERSION = 1;
				DEVELOPMENT_ASSET_PATHS = "\"provaARKit/Preview Content\"";
				DEVELOPMENT_TEAM = 4Q643MKQG2;
				ENABLE_PREVIEWS = YES;
				GENERATE_INFOPLIST_FILE = YES;
				INFOPLIST_KEY_NSCameraUsageDescription = "";
				INFOPLIST_KEY_UIApplicationSupportsIndirectInputEvents = YES;
				INFOPLIST_KEY_UILaunchScreen_Generation = YES;
				INFOPLIST_KEY_UIRequiredDeviceCapabilities = arkit;
				INFOPLIST_KEY_UIStatusBarHidden = YES;
				INFOPLIST_KEY_UISupportedInterfaceOrientations_iPad = "UIInterfaceOrientationPortrait UIInterfaceOrientationPortraitUpsideDown UIInterfaceOrientationLandscapeLeft UIInterfaceOrientationLandscapeRight";
				INFOPLIST_KEY_UISupportedInterfaceOrientations_iPhone = "UIInterfaceOrientationPortrait UIInterfaceOrientationLandscapeLeft UIInterfaceOrientationLandscapeRight";
				LD_RUNPATH_SEARCH_PATHS = (
					"$(inherited)",
					"@executable_path/Frameworks",
				);
				MARKETING_VERSION = 1.0;
				PRODUCT_BUNDLE_IDENTIFIER = com.rosario.provaARKit;
				PRODUCT_NAME = "$(TARGET_NAME)";
				SWIFT_EMIT_LOC_STRINGS = YES;
				SWIFT_VERSION = 5.0;
				TARGETED_DEVICE_FAMILY = "1,2";
			};
			name = Release;
		};
/* End XCBuildConfiguration section */

/* Begin XCConfigurationList section */
		1A9B8E76283BC23B008BE95F /* Build configuration list for PBXProject "provaARKit" */ = {
			isa = XCConfigurationList;
			buildConfigurations = (
				1A9B8E89283BC23F008BE95F /* Debug */,
				1A9B8E8A283BC23F008BE95F /* Release */,
			);
			defaultConfigurationIsVisible = 0;
			defaultConfigurationName = Release;
		};
		1A9B8E8B283BC23F008BE95F /* Build configuration list for PBXNativeTarget "provaARKit" */ = {
			isa = XCConfigurationList;
			buildConfigurations = (
				1A9B8E8C283BC23F008BE95F /* Debug */,
				1A9B8E8D283BC23F008BE95F /* Release */,
			);
			defaultConfigurationIsVisible = 0;
			defaultConfigurationName = Release;
		};
/* End XCConfigurationList section */
	};
	rootObject = 1A9B8E73283BC23B008BE95F /* Project object */;
}
